
Microsoft Visual Studio Solution File, Format Version 12.00
# Visual Studio Version 17
VisualStudioVersion = 17.1.32210.238
MinimumVisualStudioVersion = 10.0.40219.1
Project("{FAE04EC0-301F-11D3-BF4B-00C04F79EFBC}") = "cs33_paskaita_ATMsys", "cs33_paskaita_ATMsys\cs33_paskaita_ATMsys.csproj", "{99F42219-4ED2-4DC5-A8C9-A865482AD1D6}"
EndProject
Global
	GlobalSection(SolutionConfigurationPlatforms) = preSolution
		Debug|Any CPU = Debug|Any CPU
		Release|Any CPU = Release|Any CPU
	EndGlobalSection
	GlobalSection(ProjectConfigurationPlatforms) = postSolution
		{99F42219-4ED2-4DC5-A8C9-A865482AD1D6}.Debug|Any CPU.ActiveCfg = Debug|Any CPU
		{99F42219-4ED2-4DC5-A8C9-A865482AD1D6}.Debug|Any CPU.Build.0 = Debug|Any CPU
		{99F42219-4ED2-4DC5-A8C9-A865482AD1D6}.Release|Any CPU.ActiveCfg = Release|Any CPU
		{99F42219-4ED2-4DC5-A8C9-A865482AD1D6}.Release|Any CPU.Build.0 = Release|Any CPU
	EndGlobalSection
	GlobalSection(SolutionProperties) = preSolution
		HideSolutionNode = FALSE
	EndGlobalSection
	GlobalSection(ExtensibilityGlobals) = postSolution
		SolutionGuid = {AE766C43-9B90-43C7-9799-E2296E1F6FEB}
	EndGlobalSection
EndGlobal
